
Microsoft Visual Studio Solution File, Format Version 12.00
# Visual Studio Version 17
VisualStudioVersion = 17.5.002.0
MinimumVisualStudioVersion = 10.0.40219.1
Project("{9A19103F-16F7-4668-BE54-9A1E7A4F7556}") = "apigw", "apigw.csproj", "{450939F9-1117-4B2E-AF2E-A2FA3642D349}"
EndProject
Global
	GlobalSection(SolutionConfigurationPlatforms) = preSolution
		Debug|Any CPU = Debug|Any CPU
		Release|Any CPU = Release|Any CPU
	EndGlobalSection
	GlobalSection(ProjectConfigurationPlatforms) = postSolution
		{450939F9-1117-4B2E-AF2E-A2FA3642D349}.Debug|Any CPU.ActiveCfg = Debug|Any CPU
		{450939F9-1117-4B2E-AF2E-A2FA3642D349}.Debug|Any CPU.Build.0 = Debug|Any CPU
		{450939F9-1117-4B2E-AF2E-A2FA3642D349}.Release|Any CPU.ActiveCfg = Release|Any CPU
		{450939F9-1117-4B2E-AF2E-A2FA3642D349}.Release|Any CPU.Build.0 = Release|Any CPU
	EndGlobalSection
	GlobalSection(SolutionProperties) = preSolution
		HideSolutionNode = FALSE
	EndGlobalSection
	GlobalSection(ExtensibilityGlobals) = postSolution
		SolutionGuid = {B29A79F0-3A60-4793-8268-CBFF81C93C5B}
	EndGlobalSection
EndGlobal
